
Microsoft Visual Studio Solution File, Format Version 12.00
# Visual Studio 15
VisualStudioVersion = 15.0.28010.2046
MinimumVisualStudioVersion = 10.0.40219.1
Project("{8BC9CEB8-8B4A-11D0-8D11-00A0C91BC942}") = "Project10", "Project10\Project10.vcxproj", "{734AF867-D90B-4086-A13A-75646E0AC700}"
EndProject
Global
	GlobalSection(SolutionConfigurationPlatforms) = preSolution
		Debug|x64 = Debug|x64
		Debug|x86 = Debug|x86
		Release|x64 = Release|x64
		Release|x86 = Release|x86
	EndGlobalSection
	GlobalSection(ProjectConfigurationPlatforms) = postSolution
		{734AF867-D90B-4086-A13A-75646E0AC700}.Debug|x64.ActiveCfg = Debug|x64
		{734AF867-D90B-4086-A13A-75646E0AC700}.Debug|x64.Build.0 = Debug|x64
		{734AF867-D90B-4086-A13A-75646E0AC700}.Debug|x86.ActiveCfg = Debug|Win32
		{734AF867-D90B-4086-A13A-75646E0AC700}.Debug|x86.Build.0 = Debug|Win32
		{734AF867-D90B-4086-A13A-75646E0AC700}.Release|x64.ActiveCfg = Release|x64
		{734AF867-D90B-4086-A13A-75646E0AC700}.Release|x64.Build.0 = Release|x64
		{734AF867-D90B-4086-A13A-75646E0AC700}.Release|x86.ActiveCfg = Release|Win32
		{734AF867-D90B-4086-A13A-75646E0AC700}.Release|x86.Build.0 = Release|Win32
	EndGlobalSection
	GlobalSection(SolutionProperties) = preSolution
		HideSolutionNode = FALSE
	EndGlobalSection
	GlobalSection(ExtensibilityGlobals) = postSolution
		SolutionGuid = {2A6E7A12-0A99-43C0-8F64-C835E131394D}
	EndGlobalSection
EndGlobal
