
Microsoft Visual Studio Solution File, Format Version 12.00
# Visual Studio 15
VisualStudioVersion = 15.0.28010.2046
MinimumVisualStudioVersion = 10.0.40219.1
Project("{8BC9CEB8-8B4A-11D0-8D11-00A0C91BC942}") = "Project56", "Project56\Project56.vcxproj", "{6F528CEF-EA53-4922-B285-C0FDFFCB9F83}"
EndProject
Global
	GlobalSection(SolutionConfigurationPlatforms) = preSolution
		Debug|x64 = Debug|x64
		Debug|x86 = Debug|x86
		Release|x64 = Release|x64
		Release|x86 = Release|x86
	EndGlobalSection
	GlobalSection(ProjectConfigurationPlatforms) = postSolution
		{6F528CEF-EA53-4922-B285-C0FDFFCB9F83}.Debug|x64.ActiveCfg = Debug|x64
		{6F528CEF-EA53-4922-B285-C0FDFFCB9F83}.Debug|x64.Build.0 = Debug|x64
		{6F528CEF-EA53-4922-B285-C0FDFFCB9F83}.Debug|x86.ActiveCfg = Debug|Win32
		{6F528CEF-EA53-4922-B285-C0FDFFCB9F83}.Debug|x86.Build.0 = Debug|Win32
		{6F528CEF-EA53-4922-B285-C0FDFFCB9F83}.Release|x64.ActiveCfg = Release|x64
		{6F528CEF-EA53-4922-B285-C0FDFFCB9F83}.Release|x64.Build.0 = Release|x64
		{6F528CEF-EA53-4922-B285-C0FDFFCB9F83}.Release|x86.ActiveCfg = Release|Win32
		{6F528CEF-EA53-4922-B285-C0FDFFCB9F83}.Release|x86.Build.0 = Release|Win32
	EndGlobalSection
	GlobalSection(SolutionProperties) = preSolution
		HideSolutionNode = FALSE
	EndGlobalSection
	GlobalSection(ExtensibilityGlobals) = postSolution
		SolutionGuid = {2917F1CC-CBC1-402E-9A57-9F290EAF11D5}
	EndGlobalSection
EndGlobal
